Microsoft Visual Studio Solution File, Format Version 8.00
Project("{20D4826A-C6FA-45DB-90F4-C717570B9F32}") = "LabLocalData", "LabLocalData.csdproj", "{7F145BE8-0ECE-403C-8D39-A5FA66C09362}"
	ProjectSection(ProjectDependencies) = postProject
	EndProjectSection
EndProject
Global
	GlobalSection(SolutionConfiguration) = preSolution
		Debug = Debug
		Release = Release
	EndGlobalSection
	GlobalSection(ProjectConfiguration) = postSolution
		{7F145BE8-0ECE-403C-8D39-A5FA66C09362}.Debug.ActiveCfg = Debug|Pocket PC
		{7F145BE8-0ECE-403C-8D39-A5FA66C09362}.Debug.Build.0 = Debug|Pocket PC
		{7F145BE8-0ECE-403C-8D39-A5FA66C09362}.Debug.Deploy.0 = Debug|Pocket PC
		{7F145BE8-0ECE-403C-8D39-A5FA66C09362}.Release.ActiveCfg = Release|Pocket PC
		{7F145BE8-0ECE-403C-8D39-A5FA66C09362}.Release.Build.0 = Release|Pocket PC
		{7F145BE8-0ECE-403C-8D39-A5FA66C09362}.Release.Deploy.0 = Release|Pocket PC
	EndGlobalSection
	GlobalSection(ExtensibilityGlobals) = postSolution
	EndGlobalSection
	GlobalSection(ExtensibilityAddIns) = postSolution
	EndGlobalSection
EndGlobal
