Microsoft Visual Studio Solution File, Format Version 8.00
Project("{20D4826A-C6FA-45DB-90F4-C717570B9F32}") = "CreateAndFillDataSets", "CreateAndFillDataSets.csdproj", "{CA74A4B5-E30A-417D-8C55-4722A273EC9E}"
	ProjectSection(ProjectDependencies) = postProject
	EndProjectSection
EndProject
Global
	GlobalSection(SolutionConfiguration) = preSolution
		Debug = Debug
		Release = Release
	EndGlobalSection
	GlobalSection(ProjectConfiguration) = postSolution
		{CA74A4B5-E30A-417D-8C55-4722A273EC9E}.Debug.ActiveCfg = Debug|Pocket PC
		{CA74A4B5-E30A-417D-8C55-4722A273EC9E}.Debug.Build.0 = Debug|Pocket PC
		{CA74A4B5-E30A-417D-8C55-4722A273EC9E}.Debug.Deploy.0 = Debug|Pocket PC
		{CA74A4B5-E30A-417D-8C55-4722A273EC9E}.Release.ActiveCfg = Release|Pocket PC
		{CA74A4B5-E30A-417D-8C55-4722A273EC9E}.Release.Build.0 = Release|Pocket PC
		{CA74A4B5-E30A-417D-8C55-4722A273EC9E}.Release.Deploy.0 = Release|Pocket PC
	EndGlobalSection
	GlobalSection(ExtensibilityGlobals) = postSolution
	EndGlobalSection
	GlobalSection(ExtensibilityAddIns) = postSolution
	EndGlobalSection
EndGlobal
