Microsoft Visual Studio Solution File, Format Version 8.00
Project("{20D4826A-C6FA-45DB-90F4-C717570B9F32}") = "LocalDataStore", "LocalDataStore.CSDPROJ", "{5F9638AE-A116-4E8C-8CB0-F47F5FB28481}"
	ProjectSection(ProjectDependencies) = postProject
	EndProjectSection
EndProject
Global
	GlobalSection(SolutionConfiguration) = preSolution
		Debug = Debug
		Release = Release
	EndGlobalSection
	GlobalSection(ProjectConfiguration) = postSolution
		{5F9638AE-A116-4E8C-8CB0-F47F5FB28481}.Debug.ActiveCfg = Debug|Pocket PC
		{5F9638AE-A116-4E8C-8CB0-F47F5FB28481}.Debug.Build.0 = Debug|Pocket PC
		{5F9638AE-A116-4E8C-8CB0-F47F5FB28481}.Debug.Deploy.0 = Debug|Pocket PC
		{5F9638AE-A116-4E8C-8CB0-F47F5FB28481}.Release.ActiveCfg = Release|Pocket PC
		{5F9638AE-A116-4E8C-8CB0-F47F5FB28481}.Release.Build.0 = Release|Pocket PC
		{5F9638AE-A116-4E8C-8CB0-F47F5FB28481}.Release.Deploy.0 = Release|Pocket PC
	EndGlobalSection
	GlobalSection(ExtensibilityGlobals) = postSolution
	EndGlobalSection
	GlobalSection(ExtensibilityAddIns) = postSolution
	EndGlobalSection
EndGlobal
